
Microsoft Visual Studio Solution File, Format Version 12.00
# Visual Studio Version 17
VisualStudioVersion = 17.3.32811.315
MinimumVisualStudioVersion = 10.0.40219.1
Project("{FAE04EC0-301F-11D3-BF4B-00C04F79EFBC}") = "testproject14092022", "testproject14092022\testproject14092022.csproj", "{BAC1CFC2-D888-44D2-95AA-572AB70C55C2}"
EndProject
Global
	GlobalSection(SolutionConfigurationPlatforms) = preSolution
		Debug|Any CPU = Debug|Any CPU
		Release|Any CPU = Release|Any CPU
	EndGlobalSection
	GlobalSection(ProjectConfigurationPlatforms) = postSolution
		{BAC1CFC2-D888-44D2-95AA-572AB70C55C2}.Debug|Any CPU.ActiveCfg = Debug|Any CPU
		{BAC1CFC2-D888-44D2-95AA-572AB70C55C2}.Debug|Any CPU.Build.0 = Debug|Any CPU
		{BAC1CFC2-D888-44D2-95AA-572AB70C55C2}.Release|Any CPU.ActiveCfg = Release|Any CPU
		{BAC1CFC2-D888-44D2-95AA-572AB70C55C2}.Release|Any CPU.Build.0 = Release|Any CPU
	EndGlobalSection
	GlobalSection(SolutionProperties) = preSolution
		HideSolutionNode = FALSE
	EndGlobalSection
	GlobalSection(ExtensibilityGlobals) = postSolution
		SolutionGuid = {FB01E213-47FA-4F59-A435-499DE92BAF68}
	EndGlobalSection
EndGlobal
